
Microsoft Visual Studio Solution File, Format Version 12.00
# Visual Studio 2012
Project("{E24C65DC-7377-472B-9ABA-BC803B73C61A}") = "RaavelSoftTechnologies1", "http://localhost:49271", "{CCA0F7D9-2E68-462B-B151-83C25633598D}"
	ProjectSection(WebsiteProperties) = preProject
		UseIISExpress = "true"
		TargetFrameworkMoniker = ".NETFramework,Version%3Dv4.5"
		Debug.AspNetCompiler.VirtualPath = "/localhost_49271"
		Debug.AspNetCompiler.PhysicalPath = "..\..\WebSites\RaavelSoftTechnologies1\"
		Debug.AspNetCompiler.TargetPath = "PrecompiledWeb\localhost_49271\"
		Debug.AspNetCompiler.Updateable = "true"
		Debug.AspNetCompiler.ForceOverwrite = "true"
		Debug.AspNetCompiler.FixedNames = "false"
		Debug.AspNetCompiler.Debug = "True"
		Release.AspNetCompiler.VirtualPath = "/localhost_49271"
		Release.AspNetCompiler.PhysicalPath = "..\..\WebSites\RaavelSoftTechnologies1\"
		Release.AspNetCompiler.TargetPath = "PrecompiledWeb\localhost_49271\"
		Release.AspNetCompiler.Updateable = "true"
		Release.AspNetCompiler.ForceOverwrite = "true"
		Release.AspNetCompiler.FixedNames = "false"
		Release.AspNetCompiler.Debug = "False"
		SlnRelativePath = "..\..\WebSites\RaavelSoftTechnologies1\"
		DefaultWebSiteLanguage = "Visual C#"
	EndProjectSection
EndProject
Global
	GlobalSection(SolutionConfigurationPlatforms) = preSolution
		Debug|Any CPU = Debug|Any CPU
	EndGlobalSection
	GlobalSection(ProjectConfigurationPlatforms) = postSolution
		{CCA0F7D9-2E68-462B-B151-83C25633598D}.Debug|Any CPU.ActiveCfg = Debug|Any CPU
		{CCA0F7D9-2E68-462B-B151-83C25633598D}.Debug|Any CPU.Build.0 = Debug|Any CPU
	EndGlobalSection
	GlobalSection(SolutionProperties) = preSolution
		HideSolutionNode = FALSE
	EndGlobalSection
EndGlobal
