
Microsoft Visual Studio Solution File, Format Version 12.00
# Visual Studio 2012
Project("{E24C65DC-7377-472B-9ABA-BC803B73C61A}") = "Leisure_new", "http://localhost:52328", "{B0DB7A85-9FFC-4339-81EC-98A0DD425F99}"
	ProjectSection(WebsiteProperties) = preProject
		UseIISExpress = "true"
		TargetFrameworkMoniker = ".NETFramework,Version%3Dv4.5"
		Debug.AspNetCompiler.VirtualPath = "/localhost_52328"
		Debug.AspNetCompiler.PhysicalPath = "..\..\WebSites\Leisure_new\"
		Debug.AspNetCompiler.TargetPath = "PrecompiledWeb\localhost_52328\"
		Debug.AspNetCompiler.Updateable = "true"
		Debug.AspNetCompiler.ForceOverwrite = "true"
		Debug.AspNetCompiler.FixedNames = "false"
		Debug.AspNetCompiler.Debug = "True"
		Release.AspNetCompiler.VirtualPath = "/localhost_52328"
		Release.AspNetCompiler.PhysicalPath = "..\..\WebSites\Leisure_new\"
		Release.AspNetCompiler.TargetPath = "PrecompiledWeb\localhost_52328\"
		Release.AspNetCompiler.Updateable = "true"
		Release.AspNetCompiler.ForceOverwrite = "true"
		Release.AspNetCompiler.FixedNames = "false"
		Release.AspNetCompiler.Debug = "False"
		SlnRelativePath = "..\..\WebSites\Leisure_new\"
		DefaultWebSiteLanguage = "Visual C#"
	EndProjectSection
EndProject
Global
	GlobalSection(SolutionConfigurationPlatforms) = preSolution
		Debug|Any CPU = Debug|Any CPU
	EndGlobalSection
	GlobalSection(ProjectConfigurationPlatforms) = postSolution
		{B0DB7A85-9FFC-4339-81EC-98A0DD425F99}.Debug|Any CPU.ActiveCfg = Debug|Any CPU
		{B0DB7A85-9FFC-4339-81EC-98A0DD425F99}.Debug|Any CPU.Build.0 = Debug|Any CPU
	EndGlobalSection
	GlobalSection(SolutionProperties) = preSolution
		HideSolutionNode = FALSE
	EndGlobalSection
EndGlobal
